// !$*UTF8*$!
{
	archiveVersion = 1;
	classes = {
	};
	objectVersion = 46;
	objects = {

/* Begin PBXBuildFile section */
		43D3E8081B6A2A5C00438399 /* main.m in Sources */ = {isa = PBXBuildFile; fileRef = 43D3E8071B6A2A5C00438399 /* main.m */; };
		43D3E80B1B6A2A5C00438399 /* AppDelegate.m in Sources */ = {isa = PBXBuildFile; fileRef = 43D3E80A1B6A2A5C00438399 /* AppDelegate.m */; };
		43D3E80E1B6A2A5C00438399 /* ViewController.m in Sources */ = {isa = PBXBuildFile; fileRef = 43D3E80D1B6A2A5C00438399 /* ViewController.m */; };
		43D3E8111B6A2A5C00438399 /* Main.storyboard in Resources */ = {isa = PBXBuildFile; fileRef = 43D3E80F1B6A2A5C00438399 /* Main.storyboard */; };
		43D3E8131B6A2A5C00438399 /* Images.xcassets in Resources */ = {isa = PBXBuildFile; fileRef = 43D3E8121B6A2A5C00438399 /* Images.xcassets */; };
		43D3E8161B6A2A5C00438399 /* LaunchScreen.xib in Resources */ = {isa = PBXBuildFile; fileRef = 43D3E8141B6A2A5C00438399 /* LaunchScreen.xib */; };
		43D3E8221B6A2A5C00438399 /* FeedReaderSampleTests.m in Sources */ = {isa = PBXBuildFile; fileRef = 43D3E8211B6A2A5C00438399 /* FeedReaderSampleTests.m */; };
		43D3E83B1B6A2AEA00438399 /* GTMNSString+HTML.m in Sources */ = {isa = PBXBuildFile; fileRef = 43D3E82D1B6A2AEA00438399 /* GTMNSString+HTML.m */; };
		43D3E83C1B6A2AEA00438399 /* MWFeedInfo.m in Sources */ = {isa = PBXBuildFile; fileRef = 43D3E82F1B6A2AEA00438399 /* MWFeedInfo.m */; };
		43D3E83D1B6A2AEA00438399 /* MWFeedItem.m in Sources */ = {isa = PBXBuildFile; fileRef = 43D3E8311B6A2AEA00438399 /* MWFeedItem.m */; };
		43D3E83E1B6A2AEA00438399 /* MWFeedParser.m in Sources */ = {isa = PBXBuildFile; fileRef = 43D3E8341B6A2AEA00438399 /* MWFeedParser.m */; };
		43D3E83F1B6A2AEA00438399 /* NSDate+InternetDateTime.m in Sources */ = {isa = PBXBuildFile; fileRef = 43D3E8361B6A2AEA00438399 /* NSDate+InternetDateTime.m */; };
		43D3E8401B6A2AEA00438399 /* NSString+HTML.m in Sources */ = {isa = PBXBuildFile; fileRef = 43D3E8381B6A2AEA00438399 /* NSString+HTML.m */; };
		43D3E8411B6A2AEA00438399 /* NSString+XMLEntities.m in Sources */ = {isa = PBXBuildFile; fileRef = 43D3E83A1B6A2AEA00438399 /* NSString+XMLEntities.m */; };
		43D3E8461B6A3B7200438399 /* TableViewController.m in Sources */ = {isa = PBXBuildFile; fileRef = 43D3E8451B6A3B7200438399 /* TableViewController.m */; };
		43F464C31B6D6F5400720914 /* WebViewController.m in Sources */ = {isa = PBXBuildFile; fileRef = 43F464C21B6D6F5400720914 /* WebViewController.m */; };
/* End PBXBuildFile section */

/* Begin PBXContainerItemProxy section */
		43D3E81C1B6A2A5C00438399 /* PBXContainerItemProxy */ = {
			isa = PBXContainerItemProxy;
			containerPortal = 43D3E7FA1B6A2A5B00438399 /* Project object */;
			proxyType = 1;
			remoteGlobalIDString = 43D3E8011B6A2A5C00438399;
			remoteInfo = FeedReaderSample;
		};
/* End PBXContainerItemProxy section */

/* Begin PBXFileReference section */
		43D3E8021B6A2A5C00438399 /* FeedReaderSample.app */ = {isa = PBXFileReference; explicitFileType = wrapper.application; includeInIndex = 0; path = FeedReaderSample.app; sourceTree = BUILT_PRODUCTS_DIR; };
		43D3E8061B6A2A5C00438399 /* Info.plist */ = {isa = PBXFileReference; lastKnownFileType = text.plist.xml; path = Info.plist; sourceTree = "<group>"; };
		43D3E8071B6A2A5C00438399 /* main.m */ = {isa = PBXFileReference; lastKnownFileType = sourcecode.c.objc; path = main.m; sourceTree = "<group>"; };
		43D3E8091B6A2A5C00438399 /* AppDelegate.h */ = {isa = PBXFileReference; lastKnownFileType = sourcecode.c.h; path = AppDelegate.h; sourceTree = "<group>"; };
		43D3E80A1B6A2A5C00438399 /* AppDelegate.m */ = {isa = PBXFileReference; lastKnownFileType = sourcecode.c.objc; path = AppDelegate.m; sourceTree = "<group>"; };
		43D3E80C1B6A2A5C00438399 /* ViewController.h */ = {isa = PBXFileReference; lastKnownFileType = sourcecode.c.h; path = ViewController.h; sourceTree = "<group>"; };
		43D3E80D1B6A2A5C00438399 /* ViewController.m */ = {isa = PBXFileReference; lastKnownFileType = sourcecode.c.objc; path = ViewController.m; sourceTree = "<group>"; };
		43D3E8101B6A2A5C00438399 /* Base */ = {isa = PBXFileReference; lastKnownFileType = file.storyboard; name = Base; path = Base.lproj/Main.storyboard; sourceTree = "<group>"; };
		43D3E8121B6A2A5C00438399 /* Images.xcassets */ = {isa = PBXFileReference; lastKnownFileType = folder.assetcatalog; path = Images.xcassets; sourceTree = "<group>"; };
		43D3E8151B6A2A5C00438399 /* Base */ = {isa = PBXFileReference; lastKnownFileType = file.xib; name = Base; path = Base.lproj/LaunchScreen.xib; sourceTree = "<group>"; };
		43D3E81B1B6A2A5C00438399 /* FeedReaderSampleTests.xctest */ = {isa = PBXFileReference; explicitFileType = wrapper.cfbundle; includeInIndex = 0; path = FeedReaderSampleTests.xctest; sourceTree = BUILT_PRODUCTS_DIR; };
		43D3E8201B6A2A5C00438399 /* Info.plist */ = {isa = PBXFileReference; lastKnownFileType = text.plist.xml; path = Info.plist; sourceTree = "<group>"; };
		43D3E8211B6A2A5C00438399 /* FeedReaderSampleTests.m */ = {isa = PBXFileReference; lastKnownFileType = sourcecode.c.objc; path = FeedReaderSampleTests.m; sourceTree = "<group>"; };
		43D3E82C1B6A2AEA00438399 /* GTMNSString+HTML.h */ = {isa = PBXFileReference; fileEncoding = 4; lastKnownFileType = sourcecode.c.h; path = "GTMNSString+HTML.h"; sourceTree = "<group>"; };
		43D3E82D1B6A2AEA00438399 /* GTMNSString+HTML.m */ = {isa = PBXFileReference; fileEncoding = 4; lastKnownFileType = sourcecode.c.objc; path = "GTMNSString+HTML.m"; sourceTree = "<group>"; };
		43D3E82E1B6A2AEA00438399 /* MWFeedInfo.h */ = {isa = PBXFileReference; fileEncoding = 4; lastKnownFileType = sourcecode.c.h; path = MWFeedInfo.h; sourceTree = "<group>"; };
		43D3E82F1B6A2AEA00438399 /* MWFeedInfo.m */ = {isa = PBXFileReference; fileEncoding = 4; lastKnownFileType = sourcecode.c.objc; path = MWFeedInfo.m; sourceTree = "<group>"; };
		43D3E8301B6A2AEA00438399 /* MWFeedItem.h */ = {isa = PBXFileReference; fileEncoding = 4; lastKnownFileType = sourcecode.c.h; path = MWFeedItem.h; sourceTree = "<group>"; };
		43D3E8311B6A2AEA00438399 /* MWFeedItem.m */ = {isa = PBXFileReference; fileEncoding = 4; lastKnownFileType = sourcecode.c.objc; path = MWFeedItem.m; sourceTree = "<group>"; };
		43D3E8321B6A2AEA00438399 /* MWFeedParser_Private.h */ = {isa = PBXFileReference; fileEncoding = 4; lastKnownFileType = sourcecode.c.h; path = MWFeedParser_Private.h; sourceTree = "<group>"; };
		43D3E8331B6A2AEA00438399 /* MWFeedParser.h */ = {isa = PBXFileReference; fileEncoding = 4; lastKnownFileType = sourcecode.c.h; path = MWFeedParser.h; sourceTree = "<group>"; };
		43D3E8341B6A2AEA00438399 /* MWFeedParser.m */ = {isa = PBXFileReference; fileEncoding = 4; lastKnownFileType = sourcecode.c.objc; path = MWFeedParser.m; sourceTree = "<group>"; };
		43D3E8351B6A2AEA00438399 /* NSDate+InternetDateTime.h */ = {isa = PBXFileReference; fileEncoding = 4; lastKnownFileType = sourcecode.c.h; path = "NSDate+InternetDateTime.h"; sourceTree = "<group>"; };
		43D3E8361B6A2AEA00438399 /* NSDate+InternetDateTime.m */ = {isa = PBXFileReference; fileEncoding = 4; lastKnownFileType = sourcecode.c.objc; path = "NSDate+InternetDateTime.m"; sourceTree = "<group>"; };
		43D3E8371B6A2AEA00438399 /* NSString+HTML.h */ = {isa = PBXFileReference; fileEncoding = 4; lastKnownFileType = sourcecode.c.h; path = "NSString+HTML.h"; sourceTree = "<group>"; };
		43D3E8381B6A2AEA00438399 /* NSString+HTML.m */ = {isa = PBXFileReference; fileEncoding = 4; lastKnownFileType = sourcecode.c.objc; path = "NSString+HTML.m"; sourceTree = "<group>"; };
		43D3E8391B6A2AEA00438399 /* NSString+XMLEntities.h */ = {isa = PBXFileReference; fileEncoding = 4; lastKnownFileType = sourcecode.c.h; path = "NSString+XMLEntities.h"; sourceTree = "<group>"; };
		43D3E83A1B6A2AEA00438399 /* NSString+XMLEntities.m */ = {isa = PBXFileReference; fileEncoding = 4; lastKnownFileType = sourcecode.c.objc; path = "NSString+XMLEntities.m"; sourceTree = "<group>"; };
		43D3E8441B6A3B7200438399 /* TableViewController.h */ = {isa = PBXFileReference; fileEncoding = 4; lastKnownFileType = sourcecode.c.h; path = TableViewController.h; sourceTree = "<group>"; };
		43D3E8451B6A3B7200438399 /* TableViewController.m */ = {isa = PBXFileReference; fileEncoding = 4; lastKnownFileType = sourcecode.c.objc; path = TableViewController.m; sourceTree = "<group>"; };
		43F464C11B6D6F5400720914 /* WebViewController.h */ = {isa = PBXFileReference; fileEncoding = 4; lastKnownFileType = sourcecode.c.h; path = WebViewController.h; sourceTree = "<group>"; };
		43F464C21B6D6F5400720914 /* WebViewController.m */ = {isa = PBXFileReference; fileEncoding = 4; lastKnownFileType = sourcecode.c.objc; path = WebViewController.m; sourceTree = "<group>"; };
/* End PBXFileReference section */

/* Begin PBXFrameworksBuildPhase section */
		43D3E7FF1B6A2A5C00438399 /* Frameworks */ = {
			isa = PBXFrameworksBuildPhase;
			buildActionMask = 2147483647;
			files = (
			);
			runOnlyForDeploymentPostprocessing = 0;
		};
		43D3E8181B6A2A5C00438399 /* Frameworks */ = {
			isa = PBXFrameworksBuildPhase;
			buildActionMask = 2147483647;
			files = (
			);
			runOnlyForDeploymentPostprocessing = 0;
		};
/* End PBXFrameworksBuildPhase section */

/* Begin PBXGroup section */
		43D3E7F91B6A2A5B00438399 = {
			isa = PBXGroup;
			children = (
				43D3E8041B6A2A5C00438399 /* FeedReaderSample */,
				43D3E81E1B6A2A5C00438399 /* FeedReaderSampleTests */,
				43D3E8031B6A2A5C00438399 /* Products */,
			);
			sourceTree = "<group>";
		};
		43D3E8031B6A2A5C00438399 /* Products */ = {
			isa = PBXGroup;
			children = (
				43D3E8021B6A2A5C00438399 /* FeedReaderSample.app */,
				43D3E81B1B6A2A5C00438399 /* FeedReaderSampleTests.xctest */,
			);
			name = Products;
			sourceTree = "<group>";
		};
		43D3E8041B6A2A5C00438399 /* FeedReaderSample */ = {
			isa = PBXGroup;
			children = (
				43D3E8431B6A2B0E00438399 /* Classes */,
				43D3E8091B6A2A5C00438399 /* AppDelegate.h */,
				43D3E80A1B6A2A5C00438399 /* AppDelegate.m */,
				43D3E80C1B6A2A5C00438399 /* ViewController.h */,
				43D3E80D1B6A2A5C00438399 /* ViewController.m */,
				43D3E80F1B6A2A5C00438399 /* Main.storyboard */,
				43D3E8121B6A2A5C00438399 /* Images.xcassets */,
				43D3E8141B6A2A5C00438399 /* LaunchScreen.xib */,
				43D3E8051B6A2A5C00438399 /* Supporting Files */,
				43D3E8441B6A3B7200438399 /* TableViewController.h */,
				43D3E8451B6A3B7200438399 /* TableViewController.m */,
				43F464C11B6D6F5400720914 /* WebViewController.h */,
				43F464C21B6D6F5400720914 /* WebViewController.m */,
			);
			path = FeedReaderSample;
			sourceTree = "<group>";
		};
		43D3E8051B6A2A5C00438399 /* Supporting Files */ = {
			isa = PBXGroup;
			children = (
				43D3E8061B6A2A5C00438399 /* Info.plist */,
				43D3E8071B6A2A5C00438399 /* main.m */,
			);
			name = "Supporting Files";
			sourceTree = "<group>";
		};
		43D3E81E1B6A2A5C00438399 /* FeedReaderSampleTests */ = {
			isa = PBXGroup;
			children = (
				43D3E8211B6A2A5C00438399 /* FeedReaderSampleTests.m */,
				43D3E81F1B6A2A5C00438399 /* Supporting Files */,
			);
			path = FeedReaderSampleTests;
			sourceTree = "<group>";
		};
		43D3E81F1B6A2A5C00438399 /* Supporting Files */ = {
			isa = PBXGroup;
			children = (
				43D3E8201B6A2A5C00438399 /* Info.plist */,
			);
			name = "Supporting Files";
			sourceTree = "<group>";
		};
		43D3E82B1B6A2ADD00438399 /* MWFeedParser */ = {
			isa = PBXGroup;
			children = (
				43D3E82E1B6A2AEA00438399 /* MWFeedInfo.h */,
				43D3E82F1B6A2AEA00438399 /* MWFeedInfo.m */,
				43D3E8301B6A2AEA00438399 /* MWFeedItem.h */,
				43D3E8311B6A2AEA00438399 /* MWFeedItem.m */,
				43D3E8321B6A2AEA00438399 /* MWFeedParser_Private.h */,
				43D3E8331B6A2AEA00438399 /* MWFeedParser.h */,
				43D3E8341B6A2AEA00438399 /* MWFeedParser.m */,
			);
			name = MWFeedParser;
			sourceTree = "<group>";
		};
		43D3E8421B6A2B0000438399 /* Categories */ = {
			isa = PBXGroup;
			children = (
				43D3E82C1B6A2AEA00438399 /* GTMNSString+HTML.h */,
				43D3E82D1B6A2AEA00438399 /* GTMNSString+HTML.m */,
				43D3E8351B6A2AEA00438399 /* NSDate+InternetDateTime.h */,
				43D3E8361B6A2AEA00438399 /* NSDate+InternetDateTime.m */,
				43D3E8371B6A2AEA00438399 /* NSString+HTML.h */,
				43D3E8381B6A2AEA00438399 /* NSString+HTML.m */,
				43D3E8391B6A2AEA00438399 /* NSString+XMLEntities.h */,
				43D3E83A1B6A2AEA00438399 /* NSString+XMLEntities.m */,
			);
			name = Categories;
			sourceTree = "<group>";
		};
		43D3E8431B6A2B0E00438399 /* Classes */ = {
			isa = PBXGroup;
			children = (
				43D3E82B1B6A2ADD00438399 /* MWFeedParser */,
				43D3E8421B6A2B0000438399 /* Categories */,
			);
			name = Classes;
			sourceTree = "<group>";
		};
/* End PBXGroup section */

/* Begin PBXNativeTarget section */
		43D3E8011B6A2A5C00438399 /* FeedReaderSample */ = {
			isa = PBXNativeTarget;
			buildConfigurationList = 43D3E8251B6A2A5C00438399 /* Build configuration list for PBXNativeTarget "FeedReaderSample" */;
			buildPhases = (
				43D3E7FE1B6A2A5C00438399 /* Sources */,
				43D3E7FF1B6A2A5C00438399 /* Frameworks */,
				43D3E8001B6A2A5C00438399 /* Resources */,
			);
			buildRules = (
			);
			dependencies = (
			);
			name = FeedReaderSample;
			productName = FeedReaderSample;
			productReference = 43D3E8021B6A2A5C00438399 /* FeedReaderSample.app */;
			productType = "com.apple.product-type.application";
		};
		43D3E81A1B6A2A5C00438399 /* FeedReaderSampleTests */ = {
			isa = PBXNativeTarget;
			buildConfigurationList = 43D3E8281B6A2A5C00438399 /* Build configuration list for PBXNativeTarget "FeedReaderSampleTests" */;
			buildPhases = (
				43D3E8171B6A2A5C00438399 /* Sources */,
				43D3E8181B6A2A5C00438399 /* Frameworks */,
				43D3E8191B6A2A5C00438399 /* Resources */,
			);
			buildRules = (
			);
			dependencies = (
				43D3E81D1B6A2A5C00438399 /* PBXTargetDependency */,
			);
			name = FeedReaderSampleTests;
			productName = FeedReaderSampleTests;
			productReference = 43D3E81B1B6A2A5C00438399 /* FeedReaderSampleTests.xctest */;
			productType = "com.apple.product-type.bundle.unit-test";
		};
/* End PBXNativeTarget section */

/* Begin PBXProject section */
		43D3E7FA1B6A2A5B00438399 /* Project object */ = {
			isa = PBXProject;
			attributes = {
				LastUpgradeCheck = 0640;
				ORGANIZATIONNAME = bs;
				TargetAttributes = {
					43D3E8011B6A2A5C00438399 = {
						CreatedOnToolsVersion = 6.4;
					};
					43D3E81A1B6A2A5C00438399 = {
						CreatedOnToolsVersion = 6.4;
						TestTargetID = 43D3E8011B6A2A5C00438399;
					};
				};
			};
			buildConfigurationList = 43D3E7FD1B6A2A5B00438399 /* Build configuration list for PBXProject "FeedReaderSample" */;
			compatibilityVersion = "Xcode 3.2";
			developmentRegion = English;
			hasScannedForEncodings = 0;
			knownRegions = (
				en,
				Base,
			);
			mainGroup = 43D3E7F91B6A2A5B00438399;
			productRefGroup = 43D3E8031B6A2A5C00438399 /* Products */;
			projectDirPath = "";
			projectRoot = "";
			targets = (
				43D3E8011B6A2A5C00438399 /* FeedReaderSample */,
				43D3E81A1B6A2A5C00438399 /* FeedReaderSampleTests */,
			);
		};
/* End PBXProject section */

/* Begin PBXResourcesBuildPhase section */
		43D3E8001B6A2A5C00438399 /* Resources */ = {
			isa = PBXResourcesBuildPhase;
			buildActionMask = 2147483647;
			files = (
				43D3E8111B6A2A5C00438399 /* Main.storyboard in Resources */,
				43D3E8161B6A2A5C00438399 /* LaunchScreen.xib in Resources */,
				43D3E8131B6A2A5C00438399 /* Images.xcassets in Resources */,
			);
			runOnlyForDeploymentPostprocessing = 0;
		};
		43D3E8191B6A2A5C00438399 /* Resources */ = {
			isa = PBXResourcesBuildPhase;
			buildActionMask = 2147483647;
			files = (
			);
			runOnlyForDeploymentPostprocessing = 0;
		};
/* End PBXResourcesBuildPhase section */

/* Begin PBXSourcesBuildPhase section */
		43D3E7FE1B6A2A5C00438399 /* Sources */ = {
			isa = PBXSourcesBuildPhase;
			buildActionMask = 2147483647;
			files = (
				43D3E8461B6A3B7200438399 /* TableViewController.m in Sources */,
				43D3E83D1B6A2AEA00438399 /* MWFeedItem.m in Sources */,
				43D3E80E1B6A2A5C00438399 /* ViewController.m in Sources */,
				43D3E8411B6A2AEA00438399 /* NSString+XMLEntities.m in Sources */,
				43D3E83E1B6A2AEA00438399 /* MWFeedParser.m in Sources */,
				43D3E83B1B6A2AEA00438399 /* GTMNSString+HTML.m in Sources */,
				43D3E8401B6A2AEA00438399 /* NSString+HTML.m in Sources */,
				43F464C31B6D6F5400720914 /* WebViewController.m in Sources */,
				43D3E83F1B6A2AEA00438399 /* NSDate+InternetDateTime.m in Sources */,
				43D3E80B1B6A2A5C00438399 /* AppDelegate.m in Sources */,
				43D3E8081B6A2A5C00438399 /* main.m in Sources */,
				43D3E83C1B6A2AEA00438399 /* MWFeedInfo.m in Sources */,
			);
			runOnlyForDeploymentPostprocessing = 0;
		};
		43D3E8171B6A2A5C00438399 /* Sources */ = {
			isa = PBXSourcesBuildPhase;
			buildActionMask = 2147483647;
			files = (
				43D3E8221B6A2A5C00438399 /* FeedReaderSampleTests.m in Sources */,
			);
			runOnlyForDeploymentPostprocessing = 0;
		};
/* End PBXSourcesBuildPhase section */

/* Begin PBXTargetDependency section */
		43D3E81D1B6A2A5C00438399 /* PBXTargetDependency */ = {
			isa = PBXTargetDependency;
			target = 43D3E8011B6A2A5C00438399 /* FeedReaderSample */;
			targetProxy = 43D3E81C1B6A2A5C00438399 /* PBXContainerItemProxy */;
		};
/* End PBXTargetDependency section */

/* Begin PBXVariantGroup section */
		43D3E80F1B6A2A5C00438399 /* Main.storyboard */ = {
			isa = PBXVariantGroup;
			children = (
				43D3E8101B6A2A5C00438399 /* Base */,
			);
			name = Main.storyboard;
			sourceTree = "<group>";
		};
		43D3E8141B6A2A5C00438399 /* LaunchScreen.xib */ = {
			isa = PBXVariantGroup;
			children = (
				43D3E8151B6A2A5C00438399 /* Base */,
			);
			name = LaunchScreen.xib;
			sourceTree = "<group>";
		};
/* End PBXVariantGroup section */

/* Begin XCBuildConfiguration section */
		43D3E8231B6A2A5C00438399 /* Debug */ = {
			isa = XCBuildConfiguration;
			buildSettings = {
				ALWAYS_SEARCH_USER_PATHS = NO;
				CLANG_CXX_LANGUAGE_STANDARD = "gnu++0x";
				CLANG_CXX_LIBRARY = "libc++";
				CLANG_ENABLE_MODULES = YES;
				CLANG_ENABLE_OBJC_ARC = YES;
				CLANG_WARN_BOOL_CONVERSION = YES;
				CLANG_WARN_CONSTANT_CONVERSION = YES;
				CLANG_WARN_DIRECT_OBJC_ISA_USAGE = YES_ERROR;
				CLANG_WARN_EMPTY_BODY = YES;
				CLANG_WARN_ENUM_CONVERSION = YES;
				CLANG_WARN_INT_CONVERSION = YES;
				CLANG_WARN_OBJC_ROOT_CLASS = YES_ERROR;
				CLANG_WARN_UNREACHABLE_CODE = YES;
				CLANG_WARN__DUPLICATE_METHOD_MATCH = YES;
				"CODE_SIGN_IDENTITY[sdk=iphoneos*]" = "iPhone Developer";
				COPY_PHASE_STRIP = NO;
				DEBUG_INFORMATION_FORMAT = "dwarf-with-dsym";
				ENABLE_STRICT_OBJC_MSGSEND = YES;
				GCC_C_LANGUAGE_STANDARD = gnu99;
				GCC_DYNAMIC_NO_PIC = NO;
				GCC_NO_COMMON_BLOCKS = YES;
				GCC_OPTIMIZATION_LEVEL = 0;
				GCC_PREPROCESSOR_DEFINITIONS = (
					"DEBUG=1",
					"$(inherited)",
				);
				GCC_SYMBOLS_PRIVATE_EXTERN = NO;
				GCC_WARN_64_TO_32_BIT_CONVERSION = YES;
				GCC_WARN_ABOUT_RETURN_TYPE = YES_ERROR;
				GCC_WARN_UNDECLARED_SELECTOR = YES;
				GCC_WARN_UNINITIALIZED_AUTOS = YES_AGGRESSIVE;
				GCC_WARN_UNUSED_FUNCTION = YES;
				GCC_WARN_UNUSED_VARIABLE = YES;
				IPHONEOS_DEPLOYMENT_TARGET = 8.0;
				MTL_ENABLE_DEBUG_INFO = YES;
				ONLY_ACTIVE_ARCH = YES;
				SDKROOT = iphoneos;
				TARGETED_DEVICE_FAMILY = "1,2";
			};
			name = Debug;
		};
		43D3E8241B6A2A5C00438399 /* Release */ = {
			isa = XCBuildConfiguration;
			buildSettings = {
				ALWAYS_SEARCH_USER_PATHS = NO;
				CLANG_CXX_LANGUAGE_STANDARD = "gnu++0x";
				CLANG_CXX_LIBRARY = "libc++";
				CLANG_ENABLE_MODULES = YES;
				CLANG_ENABLE_OBJC_ARC = YES;
				CLANG_WARN_BOOL_CONVERSION = YES;
				CLANG_WARN_CONSTANT_CONVERSION = YES;
				CLANG_WARN_DIRECT_OBJC_ISA_USAGE = YES_ERROR;
				CLANG_WARN_EMPTY_BODY = YES;
				CLANG_WARN_ENUM_CONVERSION = YES;
				CLANG_WARN_INT_CONVERSION = YES;
				CLANG_WARN_OBJC_ROOT_CLASS = YES_ERROR;
				CLANG_WARN_UNREACHABLE_CODE = YES;
				CLANG_WARN__DUPLICATE_METHOD_MATCH = YES;
				"CODE_SIGN_IDENTITY[sdk=iphoneos*]" = "iPhone Developer";
				COPY_PHASE_STRIP = NO;
				DEBUG_INFORMATION_FORMAT = "dwarf-with-dsym";
				ENABLE_NS_ASSERTIONS = NO;
				ENABLE_STRICT_OBJC_MSGSEND = YES;
				GCC_C_LANGUAGE_STANDARD = gnu99;
				GCC_NO_COMMON_BLOCKS = YES;
				GCC_WARN_64_TO_32_BIT_CONVERSION = YES;
				GCC_WARN_ABOUT_RETURN_TYPE = YES_ERROR;
				GCC_WARN_UNDECLARED_SELECTOR = YES;
				GCC_WARN_UNINITIALIZED_AUTOS = YES_AGGRESSIVE;
				GCC_WARN_UNUSED_FUNCTION = YES;
				GCC_WARN_UNUSED_VARIABLE = YES;
				IPHONEOS_DEPLOYMENT_TARGET = 8.0;
				MTL_ENABLE_DEBUG_INFO = NO;
				SDKROOT = iphoneos;
				TARGETED_DEVICE_FAMILY = "1,2";
				VALIDATE_PRODUCT = YES;
			};
			name = Release;
		};
		43D3E8261B6A2A5C00438399 /* Debug */ = {
			isa = XCBuildConfiguration;
			buildSettings = {
				ASSETCATALOG_COMPILER_APPICON_NAME = AppIcon;
				INFOPLIST_FILE = FeedReaderSample/Info.plist;
				LD_RUNPATH_SEARCH_PATHS = "$(inherited) @executable_path/Frameworks";
				PRODUCT_NAME = "$(TARGET_NAME)";
			};
			name = Debug;
		};
		43D3E8271B6A2A5C00438399 /* Release */ = {
			isa = XCBuildConfiguration;
			buildSettings = {
				ASSETCATALOG_COMPILER_APPICON_NAME = AppIcon;
				INFOPLIST_FILE = FeedReaderSample/Info.plist;
				LD_RUNPATH_SEARCH_PATHS = "$(inherited) @executable_path/Frameworks";
				PRODUCT_NAME = "$(TARGET_NAME)";
			};
			name = Release;
		};
		43D3E8291B6A2A5C00438399 /* Debug */ = {
			isa = XCBuildConfiguration;
			buildSettings = {
				BUNDLE_LOADER = "$(TEST_HOST)";
				FRAMEWORK_SEARCH_PATHS = (
					"$(SDKROOT)/Developer/Library/Frameworks",
					"$(inherited)",
				);
				GCC_PREPROCESSOR_DEFINITIONS = (
					"DEBUG=1",
					"$(inherited)",
				);
				INFOPLIST_FILE = FeedReaderSampleTests/Info.plist;
				LD_RUNPATH_SEARCH_PATHS = "$(inherited) @executable_path/Frameworks @loader_path/Frameworks";
				PRODUCT_NAME = "$(TARGET_NAME)";
				TEST_HOST = "$(BUILT_PRODUCTS_DIR)/FeedReaderSample.app/FeedReaderSample";
			};
			name = Debug;
		};
		43D3E82A1B6A2A5C00438399 /* Release */ = {
			isa = XCBuildConfiguration;
			buildSettings = {
				BUNDLE_LOADER = "$(TEST_HOST)";
				FRAMEWORK_SEARCH_PATHS = (
					"$(SDKROOT)/Developer/Library/Frameworks",
					"$(inherited)",
				);
				INFOPLIST_FILE = FeedReaderSampleTests/Info.plist;
				LD_RUNPATH_SEARCH_PATHS = "$(inherited) @executable_path/Frameworks @loader_path/Frameworks";
				PRODUCT_NAME = "$(TARGET_NAME)";
				TEST_HOST = "$(BUILT_PRODUCTS_DIR)/FeedReaderSample.app/FeedReaderSample";
			};
			name = Release;
		};
/* End XCBuildConfiguration section */

/* Begin XCConfigurationList section */
		43D3E7FD1B6A2A5B00438399 /* Build configuration list for PBXProject "FeedReaderSample" */ = {
			isa = XCConfigurationList;
			buildConfigurations = (
				43D3E8231B6A2A5C00438399 /* Debug */,
				43D3E8241B6A2A5C00438399 /* Release */,
			);
			defaultConfigurationIsVisible = 0;
			defaultConfigurationName = Release;
		};
		43D3E8251B6A2A5C00438399 /* Build configuration list for PBXNativeTarget "FeedReaderSample" */ = {
			isa = XCConfigurationList;
			buildConfigurations = (
				43D3E8261B6A2A5C00438399 /* Debug */,
				43D3E8271B6A2A5C00438399 /* Release */,
			);
			defaultConfigurationIsVisible = 0;
			defaultConfigurationName = Release;
		};
		43D3E8281B6A2A5C00438399 /* Build configuration list for PBXNativeTarget "FeedReaderSampleTests" */ = {
			isa = XCConfigurationList;
			buildConfigurations = (
				43D3E8291B6A2A5C00438399 /* Debug */,
				43D3E82A1B6A2A5C00438399 /* Release */,
			);
			defaultConfigurationIsVisible = 0;
			defaultConfigurationName = Release;
		};
/* End XCConfigurationList section */
	};
	rootObject = 43D3E7FA1B6A2A5B00438399 /* Project object */;
}
